
Microsoft Visual Studio Solution File, Format Version 12.00
# Visual Studio Version 16
VisualStudioVersion = 16.0.30717.126
MinimumVisualStudioVersion = 10.0.40219.1
Project("{FAE04EC0-301F-11D3-BF4B-00C04F79EFBC}") = "Source", "Source\Source.csproj", "{E4C24996-31F0-40E1-96DC-C6FFE05FD4A0}"
EndProject
Project("{FAE04EC0-301F-11D3-BF4B-00C04F79EFBC}") = "Tests", "Tests\Tests.csproj", "{0EEC1AFB-3F1F-4A31-8867-8F27EA4319A0}"
EndProject
Global
	GlobalSection(SolutionConfigurationPlatforms) = preSolution
		Debug|Any CPU = Debug|Any CPU
		Release|Any CPU = Release|Any CPU
	EndGlobalSection
	GlobalSection(ProjectConfigurationPlatforms) = postSolution
		{E4C24996-31F0-40E1-96DC-C6FFE05FD4A0}.Debug|Any CPU.ActiveCfg = Debug|Any CPU
		{E4C24996-31F0-40E1-96DC-C6FFE05FD4A0}.Debug|Any CPU.Build.0 = Debug|Any CPU
		{E4C24996-31F0-40E1-96DC-C6FFE05FD4A0}.Release|Any CPU.ActiveCfg = Release|Any CPU
		{E4C24996-31F0-40E1-96DC-C6FFE05FD4A0}.Release|Any CPU.Build.0 = Release|Any CPU
		{0EEC1AFB-3F1F-4A31-8867-8F27EA4319A0}.Debug|Any CPU.ActiveCfg = Debug|Any CPU
		{0EEC1AFB-3F1F-4A31-8867-8F27EA4319A0}.Debug|Any CPU.Build.0 = Debug|Any CPU
		{0EEC1AFB-3F1F-4A31-8867-8F27EA4319A0}.Release|Any CPU.ActiveCfg = Release|Any CPU
		{0EEC1AFB-3F1F-4A31-8867-8F27EA4319A0}.Release|Any CPU.Build.0 = Release|Any CPU
	EndGlobalSection
	GlobalSection(SolutionProperties) = preSolution
		HideSolutionNode = FALSE
	EndGlobalSection
	GlobalSection(ExtensibilityGlobals) = postSolution
		SolutionGuid = {92804F2B-7F55-41DD-9592-8501A57AE8C9}
	EndGlobalSection
EndGlobal
